
Microsoft Visual Studio Solution File, Format Version 12.00
# Visual Studio 15
VisualStudioVersion = 15.0.28307.902
MinimumVisualStudioVersion = 10.0.40219.1
Project("{FAE04EC0-301F-11D3-BF4B-00C04F79EFBC}") = "MVC.Samples.Web", "MVC.Samples.Web\MVC.Samples.Web.csproj", "{D5E7E973-673D-4F37-959D-C86A4CEE9263}"
EndProject
Global
	GlobalSection(SolutionConfigurationPlatforms) = preSolution
		Debug|Any CPU = Debug|Any CPU
		Release|Any CPU = Release|Any CPU
	EndGlobalSection
	GlobalSection(ProjectConfigurationPlatforms) = postSolution
		{D5E7E973-673D-4F37-959D-C86A4CEE9263}.Debug|Any CPU.ActiveCfg = Debug|Any CPU
		{D5E7E973-673D-4F37-959D-C86A4CEE9263}.Debug|Any CPU.Build.0 = Debug|Any CPU
		{D5E7E973-673D-4F37-959D-C86A4CEE9263}.Release|Any CPU.ActiveCfg = Release|Any CPU
		{D5E7E973-673D-4F37-959D-C86A4CEE9263}.Release|Any CPU.Build.0 = Release|Any CPU
	EndGlobalSection
	GlobalSection(SolutionProperties) = preSolution
		HideSolutionNode = FALSE
	EndGlobalSection
	GlobalSection(ExtensibilityGlobals) = postSolution
		SolutionGuid = {3182EC9D-511A-41A7-AB0B-E44D99BAFEF0}
	EndGlobalSection
EndGlobal
